
Microsoft Visual Studio Solution File, Format Version 12.00
# Visual Studio Version 17
VisualStudioVersion = 17.11.35303.130
MinimumVisualStudioVersion = 10.0.40219.1
Project("{FAE04EC0-301F-11D3-BF4B-00C04F79EFBC}") = "Routes_GL2IP", "Routes_GL2IP.csproj", "{73A7DD6A-0E30-4B5B-8426-A8339C56C44E}"
EndProject
Global
	GlobalSection(SolutionConfigurationPlatforms) = preSolution
		Debug|Any CPU = Debug|Any CPU
		Release|Any CPU = Release|Any CPU
	EndGlobalSection
	GlobalSection(ProjectConfigurationPlatforms) = postSolution
		{73A7DD6A-0E30-4B5B-8426-A8339C56C44E}.Debug|Any CPU.ActiveCfg = Debug|Any CPU
		{73A7DD6A-0E30-4B5B-8426-A8339C56C44E}.Debug|Any CPU.Build.0 = Debug|Any CPU
		{73A7DD6A-0E30-4B5B-8426-A8339C56C44E}.Release|Any CPU.ActiveCfg = Release|Any CPU
		{73A7DD6A-0E30-4B5B-8426-A8339C56C44E}.Release|Any CPU.Build.0 = Release|Any CPU
	EndGlobalSection
	GlobalSection(SolutionProperties) = preSolution
		HideSolutionNode = FALSE
	EndGlobalSection
	GlobalSection(ExtensibilityGlobals) = postSolution
		SolutionGuid = {33B3A2AE-0B4A-451D-8044-1ADFA201C694}
	EndGlobalSection
EndGlobal
